
Microsoft Visual Studio Solution File, Format Version 11.00
# Visual C# Express 2010
Project("{FAE04EC0-301F-11D3-BF4B-00C04F79EFBC}") = "ndb4vs", "ndb4vs.csproj", "{61A92F03-C5CD-4AB5-9B1B-87A88C9C6529}"
EndProject
Global
	GlobalSection(SolutionConfigurationPlatforms) = preSolution
		Debug|Any CPU = Debug|Any CPU
		Release|Any CPU = Release|Any CPU
	EndGlobalSection
	GlobalSection(ProjectConfigurationPlatforms) = postSolution
		{61A92F03-C5CD-4AB5-9B1B-87A88C9C6529}.Debug|Any CPU.ActiveCfg = Debug|Any CPU
		{61A92F03-C5CD-4AB5-9B1B-87A88C9C6529}.Debug|Any CPU.Build.0 = Debug|Any CPU
		{61A92F03-C5CD-4AB5-9B1B-87A88C9C6529}.Release|Any CPU.ActiveCfg = Release|Any CPU
		{61A92F03-C5CD-4AB5-9B1B-87A88C9C6529}.Release|Any CPU.Build.0 = Release|Any CPU
	EndGlobalSection
	GlobalSection(SolutionProperties) = preSolution
		HideSolutionNode = FALSE
	EndGlobalSection
EndGlobal
